Microsoft Visual Studio Solution File, Format Version 12.00
# Visual Studio Version 17
VisualStudioVersion = 17.5.2.0
MinimumVisualStudioVersion = 10.0.40219.1
Project("{FAE04EC0-301F-11D3-BF4B-00C04F79EFBC}") = "JobMatchingSystem.API", "JobMatchingSystem.API.csproj", "{42522862-426E-AC92-6C32-D0467FD3D080}"
EndProject
Global
	GlobalSection(SolutionConfigurationPlatforms) = preSolution
		Debug|Any CPU = Debug|Any CPU
		Release|Any CPU = Release|Any CPU
	EndGlobalSection
	GlobalSection(ProjectConfigurationPlatforms) = postSolution
		{42522862-426E-AC92-6C32-D0467FD3D080}.Debug|Any CPU.ActiveCfg = Debug|Any CPU
		{42522862-426E-AC92-6C32-D0467FD3D080}.Debug|Any CPU.Build.0 = Debug|Any CPU
		{42522862-426E-AC92-6C32-D0467FD3D080}.Release|Any CPU.ActiveCfg = Release|Any CPU
		{42522862-426E-AC92-6C32-D0467FD3D080}.Release|Any CPU.Build.0 = Release|Any CPU
	EndGlobalSection
	GlobalSection(SolutionProperties) = preSolution
		HideSolutionNode = FALSE
	EndGlobalSection
	GlobalSection(ExtensibilityGlobals) = postSolution
		SolutionGuid = {577D4A67-8449-4E11-B62E-642470655D1F}
	EndGlobalSection
EndGlobal
